uuid: c0bb537e-5164-41a3-9d98-a33681cac22a
langcode: en
status: true
dependencies:
  module:
    - social_group
    - system
  theme:
    - socialblue
_core:
  default_config_hash: f6Ksf9342jZNofFmN2HRAElWXSHUQ_80JIBipOam4rM
id: socialblue_groupheroblock
theme: socialblue
region: hero
weight: 0
provider: null
plugin: group_hero_block
settings:
  id: group_hero_block
  label: 'Group hero block'
  provider: social_group
  label_display: '0'
  context_mapping: {  }
visibility:
  request_path:
    id: request_path
    pages: "/group/*/stream\r\n/group/*/about\r\n/group/*/studies\r\n/group/*/members\r\n/group/*/membership\r\n/group/*/content/*"
    negate: false
    context_mapping: {  }
